
Microsoft Visual Studio Solution File, Format Version 12.00
# Visual Studio 15
VisualStudioVersion = 15.0.28307.329
MinimumVisualStudioVersion = 10.0.40219.1
Project("{FAE04EC0-301F-11D3-BF4B-00C04F79EFBC}") = "app.Android", "app\app.Android\app.Android.csproj", "{E78DDC9F-6C06-4540-90BE-9593229A9EA4}"
EndProject
Project("{FAE04EC0-301F-11D3-BF4B-00C04F79EFBC}") = "app.iOS", "app\app.iOS\app.iOS.csproj", "{09E35247-1FBE-4F2D-BF8E-097B84BDA942}"
EndProject
Project("{FAE04EC0-301F-11D3-BF4B-00C04F79EFBC}") = "app", "app\app\app.csproj", "{27B043BF-CB9E-4A46-A5BC-3DD9A399C68E}"
EndProject
Global
	GlobalSection(SolutionConfigurationPlatforms) = preSolution
		Ad-Hoc|Any CPU = Ad-Hoc|Any CPU
		Ad-Hoc|iPhone = Ad-Hoc|iPhone
		Ad-Hoc|iPhoneSimulator = Ad-Hoc|iPhoneSimulator
		AppStore|Any CPU = AppStore|Any CPU
		AppStore|iPhone = AppStore|iPhone
		AppStore|iPhoneSimulator = AppStore|iPhoneSimulator
		Debug|Any CPU = Debug|Any CPU
		Debug|iPhone = Debug|iPhone
		Debug|iPhoneSimulator = Debug|iPhoneSimulator
		Release|Any CPU = Release|Any CPU
		Release|iPhone = Release|iPhone
		Release|iPhoneSimulator = Release|iPhoneSimulator
	EndGlobalSection
	GlobalSection(ProjectConfigurationPlatforms) = postSolution
		{E78DDC9F-6C06-4540-90BE-9593229A9EA4}.Ad-Hoc|Any CPU.ActiveCfg = Release|Any CPU
		{E78DDC9F-6C06-4540-90BE-9593229A9EA4}.Ad-Hoc|Any CPU.Build.0 = Release|Any CPU
		{E78DDC9F-6C06-4540-90BE-9593229A9EA4}.Ad-Hoc|Any CPU.Deploy.0 = Release|Any CPU
		{E78DDC9F-6C06-4540-90BE-9593229A9EA4}.Ad-Hoc|iPhone.ActiveCfg = Release|Any CPU
		{E78DDC9F-6C06-4540-90BE-9593229A9EA4}.Ad-Hoc|iPhone.Build.0 = Release|Any CPU
		{E78DDC9F-6C06-4540-90BE-9593229A9EA4}.Ad-Hoc|iPhone.Deploy.0 = Release|Any CPU
		{E78DDC9F-6C06-4540-90BE-9593229A9EA4}.Ad-Hoc|iPhoneSimulator.ActiveCfg = Release|Any CPU
		{E78DDC9F-6C06-4540-90BE-9593229A9EA4}.Ad-Hoc|iPhoneSimulator.Build.0 = Release|Any CPU
		{E78DDC9F-6C06-4540-90BE-9593229A9EA4}.Ad-Hoc|iPhoneSimulator.Deploy.0 = Release|Any CPU
		{E78DDC9F-6C06-4540-90BE-9593229A9EA4}.AppStore|Any CPU.ActiveCfg = Release|Any CPU
		{E78DDC9F-6C06-4540-90BE-9593229A9EA4}.AppStore|Any CPU.Build.0 = Release|Any CPU
		{E78DDC9F-6C06-4540-90BE-9593229A9EA4}.AppStore|Any CPU.Deploy.0 = Release|Any CPU
		{E78DDC9F-6C06-4540-90BE-9593229A9EA4}.AppStore|iPhone.ActiveCfg = Release|Any CPU
		{E78DDC9F-6C06-4540-90BE-9593229A9EA4}.AppStore|iPhone.Build.0 = Release|Any CPU
		{E78DDC9F-6C06-4540-90BE-9593229A9EA4}.AppStore|iPhone.Deploy.0 = Release|Any CPU
		{E78DDC9F-6C06-4540-90BE-9593229A9EA4}.AppStore|iPhoneSimulator.ActiveCfg = Release|Any CPU
		{E78DDC9F-6C06-4540-90BE-9593229A9EA4}.AppStore|iPhoneSimulator.Build.0 = Release|Any CPU
		{E78DDC9F-6C06-4540-90BE-9593229A9EA4}.AppStore|iPhoneSimulator.Deploy.0 = Release|Any CPU
		{E78DDC9F-6C06-4540-90BE-9593229A9EA4}.Debug|Any CPU.ActiveCfg = Debug|Any CPU
		{E78DDC9F-6C06-4540-90BE-9593229A9EA4}.Debug|Any CPU.Build.0 = Debug|Any CPU
		{E78DDC9F-6C06-4540-90BE-9593229A9EA4}.Debug|Any CPU.Deploy.0 = Debug|Any CPU
		{E78DDC9F-6C06-4540-90BE-9593229A9EA4}.Debug|iPhone.ActiveCfg = Debug|Any CPU
		{E78DDC9F-6C06-4540-90BE-9593229A9EA4}.Debug|iPhone.Build.0 = Debug|Any CPU
		{E78DDC9F-6C06-4540-90BE-9593229A9EA4}.Debug|iPhone.Deploy.0 = Debug|Any CPU
		{E78DDC9F-6C06-4540-90BE-9593229A9EA4}.Debug|iPhoneSimulator.ActiveCfg = Debug|Any CPU
		{E78DDC9F-6C06-4540-90BE-9593229A9EA4}.Debug|iPhoneSimulator.Build.0 = Debug|Any CPU
		{E78DDC9F-6C06-4540-90BE-9593229A9EA4}.Debug|iPhoneSimulator.Deploy.0 = Debug|Any CPU
		{E78DDC9F-6C06-4540-90BE-9593229A9EA4}.Release|Any CPU.ActiveCfg = Release|Any CPU
		{E78DDC9F-6C06-4540-90BE-9593229A9EA4}.Release|Any CPU.Build.0 = Release|Any CPU
		{E78DDC9F-6C06-4540-90BE-9593229A9EA4}.Release|Any CPU.Deploy.0 = Release|Any CPU
		{E78DDC9F-6C06-4540-90BE-9593229A9EA4}.Release|iPhone.ActiveCfg = Release|Any CPU
		{E78DDC9F-6C06-4540-90BE-9593229A9EA4}.Release|iPhone.Build.0 = Release|Any CPU
		{E78DDC9F-6C06-4540-90BE-9593229A9EA4}.Release|iPhone.Deploy.0 = Release|Any CPU
		{E78DDC9F-6C06-4540-90BE-9593229A9EA4}.Release|iPhoneSimulator.ActiveCfg = Release|Any CPU
		{E78DDC9F-6C06-4540-90BE-9593229A9EA4}.Release|iPhoneSimulator.Build.0 = Release|Any CPU
		{E78DDC9F-6C06-4540-90BE-9593229A9EA4}.Release|iPhoneSimulator.Deploy.0 = Release|Any CPU
		{09E35247-1FBE-4F2D-BF8E-097B84BDA942}.Ad-Hoc|Any CPU.ActiveCfg = Ad-Hoc|iPhone
		{09E35247-1FBE-4F2D-BF8E-097B84BDA942}.Ad-Hoc|Any CPU.Build.0 = Ad-Hoc|iPhone
		{09E35247-1FBE-4F2D-BF8E-097B84BDA942}.Ad-Hoc|Any CPU.Deploy.0 = Ad-Hoc|iPhone
		{09E35247-1FBE-4F2D-BF8E-097B84BDA942}.Ad-Hoc|iPhone.ActiveCfg = Ad-Hoc|iPhone
		{09E35247-1FBE-4F2D-BF8E-097B84BDA942}.Ad-Hoc|iPhone.Build.0 = Ad-Hoc|iPhone
		{09E35247-1FBE-4F2D-BF8E-097B84BDA942}.Ad-Hoc|iPhone.Deploy.0 = Ad-Hoc|iPhone
		{09E35247-1FBE-4F2D-BF8E-097B84BDA942}.Ad-Hoc|iPhoneSimulator.ActiveCfg = Ad-Hoc|iPhoneSimulator
		{09E35247-1FBE-4F2D-BF8E-097B84BDA942}.Ad-Hoc|iPhoneSimulator.Build.0 = Ad-Hoc|iPhoneSimulator
		{09E35247-1FBE-4F2D-BF8E-097B84BDA942}.Ad-Hoc|iPhoneSimulator.Deploy.0 = Ad-Hoc|iPhoneSimulator
		{09E35247-1FBE-4F2D-BF8E-097B84BDA942}.AppStore|Any CPU.ActiveCfg = AppStore|iPhone
		{09E35247-1FBE-4F2D-BF8E-097B84BDA942}.AppStore|Any CPU.Build.0 = AppStore|iPhone
		{09E35247-1FBE-4F2D-BF8E-097B84BDA942}.AppStore|Any CPU.Deploy.0 = AppStore|iPhone
		{09E35247-1FBE-4F2D-BF8E-097B84BDA942}.AppStore|iPhone.ActiveCfg = AppStore|iPhone
		{09E35247-1FBE-4F2D-BF8E-097B84BDA942}.AppStore|iPhone.Build.0 = AppStore|iPhone
		{09E35247-1FBE-4F2D-BF8E-097B84BDA942}.AppStore|iPhone.Deploy.0 = AppStore|iPhone
		{09E35247-1FBE-4F2D-BF8E-097B84BDA942}.AppStore|iPhoneSimulator.ActiveCfg = AppStore|iPhoneSimulator
		{09E35247-1FBE-4F2D-BF8E-097B84BDA942}.AppStore|iPhoneSimulator.Build.0 = AppStore|iPhoneSimulator
		{09E35247-1FBE-4F2D-BF8E-097B84BDA942}.AppStore|iPhoneSimulator.Deploy.0 = AppStore|iPhoneSimulator
		{09E35247-1FBE-4F2D-BF8E-097B84BDA942}.Debug|Any CPU.ActiveCfg = Debug|iPhoneSimulator
		{09E35247-1FBE-4F2D-BF8E-097B84BDA942}.Debug|Any CPU.Build.0 = Debug|iPhoneSimulator
		{09E35247-1FBE-4F2D-BF8E-097B84BDA942}.Debug|Any CPU.Deploy.0 = Debug|iPhoneSimulator
		{09E35247-1FBE-4F2D-BF8E-097B84BDA942}.Debug|iPhone.ActiveCfg = Debug|iPhone
		{09E35247-1FBE-4F2D-BF8E-097B84BDA942}.Debug|iPhone.Build.0 = Debug|iPhone
		{09E35247-1FBE-4F2D-BF8E-097B84BDA942}.Debug|iPhone.Deploy.0 = Debug|iPhone
		{09E35247-1FBE-4F2D-BF8E-097B84BDA942}.Debug|iPhoneSimulator.ActiveCfg = Debug|iPhoneSimulator
		{09E35247-1FBE-4F2D-BF8E-097B84BDA942}.Debug|iPhoneSimulator.Build.0 = Debug|iPhoneSimulator
		{09E35247-1FBE-4F2D-BF8E-097B84BDA942}.Debug|iPhoneSimulator.Deploy.0 = Debug|iPhoneSimulator
		{09E35247-1FBE-4F2D-BF8E-097B84BDA942}.Release|Any CPU.ActiveCfg = Release|iPhone
		{09E35247-1FBE-4F2D-BF8E-097B84BDA942}.Release|Any CPU.Build.0 = Release|iPhone
		{09E35247-1FBE-4F2D-BF8E-097B84BDA942}.Release|Any CPU.Deploy.0 = Release|iPhone
		{09E35247-1FBE-4F2D-BF8E-097B84BDA942}.Release|iPhone.ActiveCfg = Release|iPhone
		{09E35247-1FBE-4F2D-BF8E-097B84BDA942}.Release|iPhone.Build.0 = Release|iPhone
		{09E35247-1FBE-4F2D-BF8E-097B84BDA942}.Release|iPhone.Deploy.0 = Release|iPhone
		{09E35247-1FBE-4F2D-BF8E-097B84BDA942}.Release|iPhoneSimulator.ActiveCfg = Release|iPhoneSimulator
		{09E35247-1FBE-4F2D-BF8E-097B84BDA942}.Release|iPhoneSimulator.Build.0 = Release|iPhoneSimulator
		{09E35247-1FBE-4F2D-BF8E-097B84BDA942}.Release|iPhoneSimulator.Deploy.0 = Release|iPhoneSimulator
		{27B043BF-CB9E-4A46-A5BC-3DD9A399C68E}.Ad-Hoc|Any CPU.ActiveCfg = Debug|Any CPU
		{27B043BF-CB9E-4A46-A5BC-3DD9A399C68E}.Ad-Hoc|Any CPU.Build.0 = Debug|Any CPU
		{27B043BF-CB9E-4A46-A5BC-3DD9A399C68E}.Ad-Hoc|Any CPU.Deploy.0 = Debug|Any CPU
		{27B043BF-CB9E-4A46-A5BC-3DD9A399C68E}.Ad-Hoc|iPhone.ActiveCfg = Debug|Any CPU
		{27B043BF-CB9E-4A46-A5BC-3DD9A399C68E}.Ad-Hoc|iPhone.Build.0 = Debug|Any CPU
		{27B043BF-CB9E-4A46-A5BC-3DD9A399C68E}.Ad-Hoc|iPhone.Deploy.0 = Debug|Any CPU
		{27B043BF-CB9E-4A46-A5BC-3DD9A399C68E}.Ad-Hoc|iPhoneSimulator.ActiveCfg = Debug|Any CPU
		{27B043BF-CB9E-4A46-A5BC-3DD9A399C68E}.Ad-Hoc|iPhoneSimulator.Build.0 = Debug|Any CPU
		{27B043BF-CB9E-4A46-A5BC-3DD9A399C68E}.Ad-Hoc|iPhoneSimulator.Deploy.0 = Debug|Any CPU
		{27B043BF-CB9E-4A46-A5BC-3DD9A399C68E}.AppStore|Any CPU.ActiveCfg = Debug|Any CPU
		{27B043BF-CB9E-4A46-A5BC-3DD9A399C68E}.AppStore|Any CPU.Build.0 = Debug|Any CPU
		{27B043BF-CB9E-4A46-A5BC-3DD9A399C68E}.AppStore|Any CPU.Deploy.0 = Debug|Any CPU
		{27B043BF-CB9E-4A46-A5BC-3DD9A399C68E}.AppStore|iPhone.ActiveCfg = Debug|Any CPU
		{27B043BF-CB9E-4A46-A5BC-3DD9A399C68E}.AppStore|iPhone.Build.0 = Debug|Any CPU
		{27B043BF-CB9E-4A46-A5BC-3DD9A399C68E}.AppStore|iPhone.Deploy.0 = Debug|Any CPU
		{27B043BF-CB9E-4A46-A5BC-3DD9A399C68E}.AppStore|iPhoneSimulator.ActiveCfg = Debug|Any CPU
		{27B043BF-CB9E-4A46-A5BC-3DD9A399C68E}.AppStore|iPhoneSimulator.Build.0 = Debug|Any CPU
		{27B043BF-CB9E-4A46-A5BC-3DD9A399C68E}.AppStore|iPhoneSimulator.Deploy.0 = Debug|Any CPU
		{27B043BF-CB9E-4A46-A5BC-3DD9A399C68E}.Debug|Any CPU.ActiveCfg = Debug|Any CPU
		{27B043BF-CB9E-4A46-A5BC-3DD9A399C68E}.Debug|Any CPU.Build.0 = Debug|Any CPU
		{27B043BF-CB9E-4A46-A5BC-3DD9A399C68E}.Debug|Any CPU.Deploy.0 = Debug|Any CPU
		{27B043BF-CB9E-4A46-A5BC-3DD9A399C68E}.Debug|iPhone.ActiveCfg = Debug|Any CPU
		{27B043BF-CB9E-4A46-A5BC-3DD9A399C68E}.Debug|iPhone.Build.0 = Debug|Any CPU
		{27B043BF-CB9E-4A46-A5BC-3DD9A399C68E}.Debug|iPhone.Deploy.0 = Debug|Any CPU
		{27B043BF-CB9E-4A46-A5BC-3DD9A399C68E}.Debug|iPhoneSimulator.ActiveCfg = Debug|Any CPU
		{27B043BF-CB9E-4A46-A5BC-3DD9A399C68E}.Debug|iPhoneSimulator.Build.0 = Debug|Any CPU
		{27B043BF-CB9E-4A46-A5BC-3DD9A399C68E}.Debug|iPhoneSimulator.Deploy.0 = Debug|Any CPU
		{27B043BF-CB9E-4A46-A5BC-3DD9A399C68E}.Release|Any CPU.ActiveCfg = Release|Any CPU
		{27B043BF-CB9E-4A46-A5BC-3DD9A399C68E}.Release|Any CPU.Build.0 = Release|Any CPU
		{27B043BF-CB9E-4A46-A5BC-3DD9A399C68E}.Release|Any CPU.Deploy.0 = Release|Any CPU
		{27B043BF-CB9E-4A46-A5BC-3DD9A399C68E}.Release|iPhone.ActiveCfg = Release|Any CPU
		{27B043BF-CB9E-4A46-A5BC-3DD9A399C68E}.Release|iPhone.Build.0 = Release|Any CPU
		{27B043BF-CB9E-4A46-A5BC-3DD9A399C68E}.Release|iPhone.Deploy.0 = Release|Any CPU
		{27B043BF-CB9E-4A46-A5BC-3DD9A399C68E}.Release|iPhoneSimulator.ActiveCfg = Release|Any CPU
		{27B043BF-CB9E-4A46-A5BC-3DD9A399C68E}.Release|iPhoneSimulator.Build.0 = Release|Any CPU
		{27B043BF-CB9E-4A46-A5BC-3DD9A399C68E}.Release|iPhoneSimulator.Deploy.0 = Release|Any CPU
	EndGlobalSection
	GlobalSection(SolutionProperties) = preSolution
		HideSolutionNode = FALSE
	EndGlobalSection
	GlobalSection(ExtensibilityGlobals) = postSolution
		SolutionGuid = {1E2C4BD3-A330-4EBC-A6D4-6C1191A84DDD}
	EndGlobalSection
EndGlobal
